
Microsoft Visual Studio Solution File, Format Version 12.00
# Visual Studio Version 17
VisualStudioVersion = 17.6.33815.320
MinimumVisualStudioVersion = 10.0.40219.1
Project("{FAE04EC0-301F-11D3-BF4B-00C04F79EFBC}") = "TanuloDolgozat", "TanuloDolgozat\TanuloDolgozat.csproj", "{CF7C11E6-B361-4E08-95B2-5B1AE6B552A8}"
EndProject
Global
	GlobalSection(SolutionConfigurationPlatforms) = preSolution
		Debug|Any CPU = Debug|Any CPU
		Release|Any CPU = Release|Any CPU
	EndGlobalSection
	GlobalSection(ProjectConfigurationPlatforms) = postSolution
		{CF7C11E6-B361-4E08-95B2-5B1AE6B552A8}.Debug|Any CPU.ActiveCfg = Debug|Any CPU
		{CF7C11E6-B361-4E08-95B2-5B1AE6B552A8}.Debug|Any CPU.Build.0 = Debug|Any CPU
		{CF7C11E6-B361-4E08-95B2-5B1AE6B552A8}.Release|Any CPU.ActiveCfg = Release|Any CPU
		{CF7C11E6-B361-4E08-95B2-5B1AE6B552A8}.Release|Any CPU.Build.0 = Release|Any CPU
	EndGlobalSection
	GlobalSection(SolutionProperties) = preSolution
		HideSolutionNode = FALSE
	EndGlobalSection
	GlobalSection(ExtensibilityGlobals) = postSolution
		SolutionGuid = {C799FAB2-7CF2-4A13-B11A-079B056A2993}
	EndGlobalSection
EndGlobal
