
Microsoft Visual Studio Solution File, Format Version 12.00
# Visual Studio Version 17
VisualStudioVersion = 17.6.33815.320
MinimumVisualStudioVersion = 10.0.40219.1
Project("{FAE04EC0-301F-11D3-BF4B-00C04F79EFBC}") = "GyakOrokles14C", "GyakOrokles14C\GyakOrokles14C.csproj", "{D26D1F78-0A85-4E74-A276-8088642351DF}"
EndProject
Global
	GlobalSection(SolutionConfigurationPlatforms) = preSolution
		Debug|Any CPU = Debug|Any CPU
		Release|Any CPU = Release|Any CPU
	EndGlobalSection
	GlobalSection(ProjectConfigurationPlatforms) = postSolution
		{D26D1F78-0A85-4E74-A276-8088642351DF}.Debug|Any CPU.ActiveCfg = Debug|Any CPU
		{D26D1F78-0A85-4E74-A276-8088642351DF}.Debug|Any CPU.Build.0 = Debug|Any CPU
		{D26D1F78-0A85-4E74-A276-8088642351DF}.Release|Any CPU.ActiveCfg = Release|Any CPU
		{D26D1F78-0A85-4E74-A276-8088642351DF}.Release|Any CPU.Build.0 = Release|Any CPU
	EndGlobalSection
	GlobalSection(SolutionProperties) = preSolution
		HideSolutionNode = FALSE
	EndGlobalSection
	GlobalSection(ExtensibilityGlobals) = postSolution
		SolutionGuid = {F27F18F6-27F9-4E86-B0B5-A5743A9CCC7E}
	EndGlobalSection
EndGlobal
